PODS:
  - AWSCognito (2.4.12):
    - AWSCore (= 2.4.12)
  - AWSCore (2.4.12)

DEPENDENCIES:
  - AWSCognito

SPEC CHECKSUMS:
  AWSCognito: 3c897210f6bfbb04585332388dff2036a3f39540
  AWSCore: 8ee5b1dc06a0fd562429fe7120113ca93cbfbca6

PODFILE CHECKSUM: 6c9e2d5e4a559498eaf22753182fddac6d7f9dd0

COCOAPODS: 1.1.1
